
Microsoft Visual Studio Solution File, Format Version 12.00
# Visual Studio Version 17
VisualStudioVersion = 17.11.35327.3
MinimumVisualStudioVersion = 10.0.40219.1
Project("{2150E333-8FDC-42A3-9474-1A3956D46DE8}") = "Serviços", "Serviços", "{9864B4A9-F187-4FB8-84C8-A54B7F0C20CE}"
EndProject
Project("{2150E333-8FDC-42A3-9474-1A3956D46DE8}") = "Catalogo", "Catalogo", "{8B471BAE-F750-4450-88C7-9144B2D142D9}"
EndProject
Project("{9A19103F-16F7-4668-BE54-9A1E7A4F7556}") = "Catalogo.API", "Serviços\Catalogo\Catalogo.API\Catalogo.API.csproj", "{FBF20063-AB02-4D1A-A2DA-EECDA0385B9C}"
EndProject
Project("{2150E333-8FDC-42A3-9474-1A3956D46DE8}") = "Blocos", "Blocos", "{64C17322-BAD3-4BE7-A718-D5DFC1CBE38F}"
EndProject
Project("{9A19103F-16F7-4668-BE54-9A1E7A4F7556}") = "Blocos", "Blocos\Blocos\Blocos.csproj", "{31ABDD19-CEB2-4A80-95E3-E5FF1CBA6E8E}"
EndProject
Project("{E53339B2-1760-4266-BCC7-CA923CBCF16C}") = "docker-compose", "docker-compose.dcproj", "{C78585EC-7D26-486E-8511-D9E1C0A67639}"
EndProject
Project("{2150E333-8FDC-42A3-9474-1A3956D46DE8}") = "Basket", "Basket", "{845CAD5B-30DB-4457-BEBA-D45A7975AC60}"
EndProject
Project("{FAE04EC0-301F-11D3-BF4B-00C04F79EFBC}") = "Basket.API", "Serviços\Carrinho\Carrinho.API\Basket.API.csproj", "{77C1DD90-43AC-47C5-B7C2-FD8585E8B709}"
EndProject
Project("{2150E333-8FDC-42A3-9474-1A3956D46DE8}") = "Discount", "Discount", "{02EA681E-C7D8-13C7-8484-4AC65E1B71E8}"
EndProject
Project("{FAE04EC0-301F-11D3-BF4B-00C04F79EFBC}") = "Discount.Grpc", "Serviços\Discount\Discount.Grpc\Discount.Grpc.csproj", "{48822498-8D5B-411E-AEB6-37D0A2456491}"
EndProject
Global
	GlobalSection(SolutionConfigurationPlatforms) = preSolution
		Debug|Any CPU = Debug|Any CPU
		Release|Any CPU = Release|Any CPU
	EndGlobalSection
	GlobalSection(ProjectConfigurationPlatforms) = postSolution
		{FBF20063-AB02-4D1A-A2DA-EECDA0385B9C}.Debug|Any CPU.ActiveCfg = Debug|Any CPU
		{FBF20063-AB02-4D1A-A2DA-EECDA0385B9C}.Debug|Any CPU.Build.0 = Debug|Any CPU
		{FBF20063-AB02-4D1A-A2DA-EECDA0385B9C}.Release|Any CPU.ActiveCfg = Release|Any CPU
		{FBF20063-AB02-4D1A-A2DA-EECDA0385B9C}.Release|Any CPU.Build.0 = Release|Any CPU
		{31ABDD19-CEB2-4A80-95E3-E5FF1CBA6E8E}.Debug|Any CPU.ActiveCfg = Debug|Any CPU
		{31ABDD19-CEB2-4A80-95E3-E5FF1CBA6E8E}.Debug|Any CPU.Build.0 = Debug|Any CPU
		{31ABDD19-CEB2-4A80-95E3-E5FF1CBA6E8E}.Release|Any CPU.ActiveCfg = Release|Any CPU
		{31ABDD19-CEB2-4A80-95E3-E5FF1CBA6E8E}.Release|Any CPU.Build.0 = Release|Any CPU
		{C78585EC-7D26-486E-8511-D9E1C0A67639}.Debug|Any CPU.ActiveCfg = Debug|Any CPU
		{C78585EC-7D26-486E-8511-D9E1C0A67639}.Debug|Any CPU.Build.0 = Debug|Any CPU
		{C78585EC-7D26-486E-8511-D9E1C0A67639}.Release|Any CPU.ActiveCfg = Release|Any CPU
		{C78585EC-7D26-486E-8511-D9E1C0A67639}.Release|Any CPU.Build.0 = Release|Any CPU
		{77C1DD90-43AC-47C5-B7C2-FD8585E8B709}.Debug|Any CPU.ActiveCfg = Debug|Any CPU
		{77C1DD90-43AC-47C5-B7C2-FD8585E8B709}.Debug|Any CPU.Build.0 = Debug|Any CPU
		{77C1DD90-43AC-47C5-B7C2-FD8585E8B709}.Release|Any CPU.ActiveCfg = Release|Any CPU
		{77C1DD90-43AC-47C5-B7C2-FD8585E8B709}.Release|Any CPU.Build.0 = Release|Any CPU
		{48822498-8D5B-411E-AEB6-37D0A2456491}.Debug|Any CPU.ActiveCfg = Debug|Any CPU
		{48822498-8D5B-411E-AEB6-37D0A2456491}.Debug|Any CPU.Build.0 = Debug|Any CPU
		{48822498-8D5B-411E-AEB6-37D0A2456491}.Release|Any CPU.ActiveCfg = Release|Any CPU
		{48822498-8D5B-411E-AEB6-37D0A2456491}.Release|Any CPU.Build.0 = Release|Any CPU
	EndGlobalSection
	GlobalSection(SolutionProperties) = preSolution
		HideSolutionNode = FALSE
	EndGlobalSection
	GlobalSection(NestedProjects) = preSolution
		{8B471BAE-F750-4450-88C7-9144B2D142D9} = {9864B4A9-F187-4FB8-84C8-A54B7F0C20CE}
		{FBF20063-AB02-4D1A-A2DA-EECDA0385B9C} = {8B471BAE-F750-4450-88C7-9144B2D142D9}
		{31ABDD19-CEB2-4A80-95E3-E5FF1CBA6E8E} = {64C17322-BAD3-4BE7-A718-D5DFC1CBE38F}
		{845CAD5B-30DB-4457-BEBA-D45A7975AC60} = {9864B4A9-F187-4FB8-84C8-A54B7F0C20CE}
		{77C1DD90-43AC-47C5-B7C2-FD8585E8B709} = {845CAD5B-30DB-4457-BEBA-D45A7975AC60}
		{02EA681E-C7D8-13C7-8484-4AC65E1B71E8} = {9864B4A9-F187-4FB8-84C8-A54B7F0C20CE}
		{48822498-8D5B-411E-AEB6-37D0A2456491} = {02EA681E-C7D8-13C7-8484-4AC65E1B71E8}
	EndGlobalSection
	GlobalSection(ExtensibilityGlobals) = postSolution
		SolutionGuid = {9732D56D-7A82-4C49-BDB8-1321C233F28C}
	EndGlobalSection
EndGlobal
