
Microsoft Visual Studio Solution File, Format Version 12.00
# Visual Studio Version 17
VisualStudioVersion = 17.11.35327.3
MinimumVisualStudioVersion = 10.0.40219.1
Project("{2150E333-8FDC-42A3-9474-1A3956D46DE8}") = "Serviços", "Serviços", "{9864B4A9-F187-4FB8-84C8-A54B7F0C20CE}"
EndProject
Project("{2150E333-8FDC-42A3-9474-1A3956D46DE8}") = "Catalogo", "Catalogo", "{8B471BAE-F750-4450-88C7-9144B2D142D9}"
EndProject
Project("{9A19103F-16F7-4668-BE54-9A1E7A4F7556}") = "Catalogo.API", "Serviços\Catalogo\Catalogo.API\Catalogo.API.csproj", "{FBF20063-AB02-4D1A-A2DA-EECDA0385B9C}"
EndProject
Project("{2150E333-8FDC-42A3-9474-1A3956D46DE8}") = "Blocos", "Blocos", "{64C17322-BAD3-4BE7-A718-D5DFC1CBE38F}"
EndProject
Project("{9A19103F-16F7-4668-BE54-9A1E7A4F7556}") = "Blocos", "Blocos\Blocos\Blocos.csproj", "{31ABDD19-CEB2-4A80-95E3-E5FF1CBA6E8E}"
EndProject
Project("{E53339B2-1760-4266-BCC7-CA923CBCF16C}") = "docker-compose", "docker-compose.dcproj", "{C78585EC-7D26-486E-8511-D9E1C0A67639}"
EndProject
Project("{2150E333-8FDC-42A3-9474-1A3956D46DE8}") = "Basket", "Basket", "{845CAD5B-30DB-4457-BEBA-D45A7975AC60}"
EndProject
Project("{FAE04EC0-301F-11D3-BF4B-00C04F79EFBC}") = "Basket.API", "Serviços\Carrinho\Carrinho.API\Basket.API.csproj", "{77C1DD90-43AC-47C5-B7C2-FD8585E8B709}"
EndProject
Project("{2150E333-8FDC-42A3-9474-1A3956D46DE8}") = "Discount", "Discount", "{02EA681E-C7D8-13C7-8484-4AC65E1B71E8}"
EndProject
Project("{FAE04EC0-301F-11D3-BF4B-00C04F79EFBC}") = "Discount.Grpc", "Serviços\Discount\Discount.Grpc\Discount.Grpc.csproj", "{48822498-8D5B-411E-AEB6-37D0A2456491}"
EndProject
Project("{2150E333-8FDC-42A3-9474-1A3956D46DE8}") = "Ordering", "Ordering", "{D85BFE8D-D20D-42BF-9B86-2783AAEE1FEE}"
EndProject
Project("{FAE04EC0-301F-11D3-BF4B-00C04F79EFBC}") = "Ordering.API", "Serviços\Ordering\Ordering.API\Ordering.API.csproj", "{DCE7C1E2-E363-4CB5-8FC4-4237F8FD0336}"
EndProject
Project("{FAE04EC0-301F-11D3-BF4B-00C04F79EFBC}") = "Ordering.Domain", "Serviços\Ordering\Ordering.Domain\Ordering.Domain.csproj", "{FA151635-D262-4B8F-B896-263B88DABCF9}"
EndProject
Project("{FAE04EC0-301F-11D3-BF4B-00C04F79EFBC}") = "Ordering.Application", "Serviços\Ordering\Ordering.Application\Ordering.Application.csproj", "{E2D26007-F7BE-4627-BF5C-44EA7B4F408C}"
EndProject
Project("{FAE04EC0-301F-11D3-BF4B-00C04F79EFBC}") = "Ordering.Infrastructure", "Serviços\Ordering\Ordering.Infrastructure\Ordering.Infrastructure.csproj", "{DBD239CF-09FE-42DB-B3C4-DFDC11D70FDA}"
EndProject
Global
	GlobalSection(SolutionConfigurationPlatforms) = preSolution
		Debug|Any CPU = Debug|Any CPU
		Release|Any CPU = Release|Any CPU
	EndGlobalSection
	GlobalSection(ProjectConfigurationPlatforms) = postSolution
		{FBF20063-AB02-4D1A-A2DA-EECDA0385B9C}.Debug|Any CPU.ActiveCfg = Debug|Any CPU
		{FBF20063-AB02-4D1A-A2DA-EECDA0385B9C}.Debug|Any CPU.Build.0 = Debug|Any CPU
		{FBF20063-AB02-4D1A-A2DA-EECDA0385B9C}.Release|Any CPU.ActiveCfg = Release|Any CPU
		{FBF20063-AB02-4D1A-A2DA-EECDA0385B9C}.Release|Any CPU.Build.0 = Release|Any CPU
		{31ABDD19-CEB2-4A80-95E3-E5FF1CBA6E8E}.Debug|Any CPU.ActiveCfg = Debug|Any CPU
		{31ABDD19-CEB2-4A80-95E3-E5FF1CBA6E8E}.Debug|Any CPU.Build.0 = Debug|Any CPU
		{31ABDD19-CEB2-4A80-95E3-E5FF1CBA6E8E}.Release|Any CPU.ActiveCfg = Release|Any CPU
		{31ABDD19-CEB2-4A80-95E3-E5FF1CBA6E8E}.Release|Any CPU.Build.0 = Release|Any CPU
		{C78585EC-7D26-486E-8511-D9E1C0A67639}.Debug|Any CPU.ActiveCfg = Debug|Any CPU
		{C78585EC-7D26-486E-8511-D9E1C0A67639}.Debug|Any CPU.Build.0 = Debug|Any CPU
		{C78585EC-7D26-486E-8511-D9E1C0A67639}.Release|Any CPU.ActiveCfg = Release|Any CPU
		{C78585EC-7D26-486E-8511-D9E1C0A67639}.Release|Any CPU.Build.0 = Release|Any CPU
		{77C1DD90-43AC-47C5-B7C2-FD8585E8B709}.Debug|Any CPU.ActiveCfg = Debug|Any CPU
		{77C1DD90-43AC-47C5-B7C2-FD8585E8B709}.Debug|Any CPU.Build.0 = Debug|Any CPU
		{77C1DD90-43AC-47C5-B7C2-FD8585E8B709}.Release|Any CPU.ActiveCfg = Release|Any CPU
		{77C1DD90-43AC-47C5-B7C2-FD8585E8B709}.Release|Any CPU.Build.0 = Release|Any CPU
		{48822498-8D5B-411E-AEB6-37D0A2456491}.Debug|Any CPU.ActiveCfg = Debug|Any CPU
		{48822498-8D5B-411E-AEB6-37D0A2456491}.Debug|Any CPU.Build.0 = Debug|Any CPU
		{48822498-8D5B-411E-AEB6-37D0A2456491}.Release|Any CPU.ActiveCfg = Release|Any CPU
		{48822498-8D5B-411E-AEB6-37D0A2456491}.Release|Any CPU.Build.0 = Release|Any CPU
		{DCE7C1E2-E363-4CB5-8FC4-4237F8FD0336}.Debug|Any CPU.ActiveCfg = Debug|Any CPU
		{DCE7C1E2-E363-4CB5-8FC4-4237F8FD0336}.Debug|Any CPU.Build.0 = Debug|Any CPU
		{DCE7C1E2-E363-4CB5-8FC4-4237F8FD0336}.Release|Any CPU.ActiveCfg = Release|Any CPU
		{DCE7C1E2-E363-4CB5-8FC4-4237F8FD0336}.Release|Any CPU.Build.0 = Release|Any CPU
		{FA151635-D262-4B8F-B896-263B88DABCF9}.Debug|Any CPU.ActiveCfg = Debug|Any CPU
		{FA151635-D262-4B8F-B896-263B88DABCF9}.Debug|Any CPU.Build.0 = Debug|Any CPU
		{FA151635-D262-4B8F-B896-263B88DABCF9}.Release|Any CPU.ActiveCfg = Release|Any CPU
		{FA151635-D262-4B8F-B896-263B88DABCF9}.Release|Any CPU.Build.0 = Release|Any CPU
		{E2D26007-F7BE-4627-BF5C-44EA7B4F408C}.Debug|Any CPU.ActiveCfg = Debug|Any CPU
		{E2D26007-F7BE-4627-BF5C-44EA7B4F408C}.Debug|Any CPU.Build.0 = Debug|Any CPU
		{E2D26007-F7BE-4627-BF5C-44EA7B4F408C}.Release|Any CPU.ActiveCfg = Release|Any CPU
		{E2D26007-F7BE-4627-BF5C-44EA7B4F408C}.Release|Any CPU.Build.0 = Release|Any CPU
		{DBD239CF-09FE-42DB-B3C4-DFDC11D70FDA}.Debug|Any CPU.ActiveCfg = Debug|Any CPU
		{DBD239CF-09FE-42DB-B3C4-DFDC11D70FDA}.Debug|Any CPU.Build.0 = Debug|Any CPU
		{DBD239CF-09FE-42DB-B3C4-DFDC11D70FDA}.Release|Any CPU.ActiveCfg = Release|Any CPU
		{DBD239CF-09FE-42DB-B3C4-DFDC11D70FDA}.Release|Any CPU.Build.0 = Release|Any CPU
	EndGlobalSection
	GlobalSection(SolutionProperties) = preSolution
		HideSolutionNode = FALSE
	EndGlobalSection
	GlobalSection(NestedProjects) = preSolution
		{8B471BAE-F750-4450-88C7-9144B2D142D9} = {9864B4A9-F187-4FB8-84C8-A54B7F0C20CE}
		{FBF20063-AB02-4D1A-A2DA-EECDA0385B9C} = {8B471BAE-F750-4450-88C7-9144B2D142D9}
		{31ABDD19-CEB2-4A80-95E3-E5FF1CBA6E8E} = {64C17322-BAD3-4BE7-A718-D5DFC1CBE38F}
		{845CAD5B-30DB-4457-BEBA-D45A7975AC60} = {9864B4A9-F187-4FB8-84C8-A54B7F0C20CE}
		{77C1DD90-43AC-47C5-B7C2-FD8585E8B709} = {845CAD5B-30DB-4457-BEBA-D45A7975AC60}
		{02EA681E-C7D8-13C7-8484-4AC65E1B71E8} = {9864B4A9-F187-4FB8-84C8-A54B7F0C20CE}
		{48822498-8D5B-411E-AEB6-37D0A2456491} = {02EA681E-C7D8-13C7-8484-4AC65E1B71E8}
		{D85BFE8D-D20D-42BF-9B86-2783AAEE1FEE} = {9864B4A9-F187-4FB8-84C8-A54B7F0C20CE}
		{DCE7C1E2-E363-4CB5-8FC4-4237F8FD0336} = {D85BFE8D-D20D-42BF-9B86-2783AAEE1FEE}
		{FA151635-D262-4B8F-B896-263B88DABCF9} = {D85BFE8D-D20D-42BF-9B86-2783AAEE1FEE}
		{E2D26007-F7BE-4627-BF5C-44EA7B4F408C} = {D85BFE8D-D20D-42BF-9B86-2783AAEE1FEE}
		{DBD239CF-09FE-42DB-B3C4-DFDC11D70FDA} = {D85BFE8D-D20D-42BF-9B86-2783AAEE1FEE}
	EndGlobalSection
	GlobalSection(ExtensibilityGlobals) = postSolution
		SolutionGuid = {9732D56D-7A82-4C49-BDB8-1321C233F28C}
	EndGlobalSection
EndGlobal
